{
  "requires": true,
  "lockfileVersion": 1,
  "dependencies": {
    "googlemaps-v3-utility-library": {
      "version": "1.0.1",
      "resolved": "https://registry.npmjs.org/googlemaps-v3-utility-library/-/googlemaps-v3-utility-library-1.0.1.tgz",
      "integrity": "sha1-PvCWvl9eAbiXnPapgN6DjPgUT1M="
    },
    "markerclustererplus": {
      "version": "2.1.4",
      "resolved": "https://registry.npmjs.org/markerclustererplus/-/markerclustererplus-2.1.4.tgz",
      "integrity": "sha1-kBIlGA3V1fwIJ3U6GO7jWvz5xPc="
    }
  }
}
